<?xml version="1.0" encoding="UTF-8" standalone="yes" ?>
<CodeBlocks_project_file>
	<FileVersion major="1" minor="6" />
	<Project>
		<Option title="testRFM69" />
		<Option pch_mode="2" />
		<Option compiler="avr-gcc" />
		<Build>
			<Target title="Release">
				<Option output="bin/Release/testRFM69.elf" prefix_auto="1" extension_auto="0" />
				<Option working_dir="" />
				<Option object_output="obj/Release/" />
				<Option type="5" />
				<Option compiler="avr-gcc" />
				<Compiler>
					<Add option="-Os" />
					<Add option="-std=c++14" />
					<Add option="-fpermissive" />
				</Compiler>
			</Target>
			<Environment>
				<Variable name="MCU" value="atxmega32a4u" />
			</Environment>
		</Build>
		<Compiler>
			<Add option="-Wall" />
			<Add option="-mmcu=atxmega32a4u" />
			<Add option="-DF_CPU=18432000UL" />
			<Add option="-Datxmega" />
			<Add directory="/home/chrak/repositories/testRFM69" />
			<Add directory="/home/chrak/repositories/RFM69-atxmega" />
			<Add directory="/home/chrak/repositories/communication" />
			<Add directory="/home/chrak/repositories/spi" />
		</Compiler>
		<Linker>
			<Add option="-mmcu=atxmega32a4u" />
			<Add option="-Wl,-Map=$(TARGET_OUTPUT_DIR)$(TARGET_OUTPUT_BASENAME).map,--cref" />
			<Add directory="/home/chrak/repositories/testRFM69/" />
		</Linker>
		<ExtraCommands>
			<Add after="avr-objdump -h -S $(TARGET_OUTPUT_FILE) &gt; $(TARGET_OUTPUT_DIR)$(TARGET_OUTPUT_BASENAME).lss" />
			<Add after="avr-objcopy -R .eeprom -R .fuse -R .lock -R .signature -O ihex $(TARGET_OUTPUT_FILE) $(TARGET_OUTPUT_DIR)$(TARGET_OUTPUT_BASENAME).hex" />
			<Add after="avr-objcopy --no-change-warnings -j .eeprom --change-section-lma .eeprom=0 -O ihex $(TARGET_OUTPUT_FILE) $(TARGET_OUTPUT_DIR)$(TARGET_OUTPUT_BASENAME).eep" />
			<Add after="avr-objcopy --no-change-warnings -j .lock --change-section-lma .lock=0 -O ihex $(TARGET_OUTPUT_FILE) $(TARGET_OUTPUT_DIR)$(TARGET_OUTPUT_BASENAME).lock" />
			<Add after="avr-objcopy --no-change-warnings -j .signature --change-section-lma .signature=0 -O ihex $(TARGET_OUTPUT_FILE) $(TARGET_OUTPUT_DIR)$(TARGET_OUTPUT_BASENAME).sig" />
			<Add after="avr-objcopy --no-change-warnings -j .fuse --change-section-lma .fuse=0 -O ihex $(TARGET_OUTPUT_FILE) $(TARGET_OUTPUT_DIR)$(TARGET_OUTPUT_BASENAME).fuse" />
		</ExtraCommands>
		<Unit filename="../RFM69-atxmega/RFM69.cpp" />
		<Unit filename="../RFM69-atxmega/RFM69.h" />
		<Unit filename="../RFM69-atxmega/RFM69registers.h" />
		<Unit filename="../communication/CRC_Calc.cpp" />
		<Unit filename="../communication/CRC_Calc.h" />
		<Unit filename="../communication/CmultiBusy.cpp" />
		<Unit filename="../communication/CmultiBusy.h" />
		<Unit filename="../communication/Communication.cpp" />
		<Unit filename="../communication/Communication.h" />
		<Unit filename="../communication/Serial.cpp" />
		<Unit filename="../communication/Serial.h" />
		<Unit filename="../communication/UART.h" />
		<Unit filename="../spi/SPI.cpp" />
		<Unit filename="../spi/SPI.h" />
		<Unit filename="External.h" />
		<Unit filename="Globals.cpp" />
		<Unit filename="MyTimer.cpp" />
		<Unit filename="MyTimer.h" />
		<Unit filename="main.cpp">
			<Option compilerVar="CC" />
		</Unit>
		<Unit filename="rfm69Hardware.h" />
		<Unit filename="spiHardware.h" />
		<Unit filename="uartHardware.h" />
		<Extensions>
			<lib_finder disable_auto="1" />
		</Extensions>
	</Project>
</CodeBlocks_project_file>
